
Microsoft Visual Studio Solution File, Format Version 12.00
# Visual Studio Version 17
VisualStudioVersion = 17.4.33213.308
MinimumVisualStudioVersion = 10.0.40219.1
Project("{FAE04EC0-301F-11D3-BF4B-00C04F79EFBC}") = "ErgozBuilderLib", "ErgozBuilderLib\ErgozBuilderLib.csproj", "{6658BB40-2C16-42DD-938F-B5F78E4C2850}"
EndProject
Project("{FAE04EC0-301F-11D3-BF4B-00C04F79EFBC}") = "Sample", "..\Sample\Sample.csproj", "{766135E4-91A3-4BFC-9B83-BE2373808911}"
EndProject
Global
	GlobalSection(SolutionConfigurationPlatforms) = preSolution
		Debug|Any CPU = Debug|Any CPU
		Release|Any CPU = Release|Any CPU
	EndGlobalSection
	GlobalSection(ProjectConfigurationPlatforms) = postSolution
		{6658BB40-2C16-42DD-938F-B5F78E4C2850}.Debug|Any CPU.ActiveCfg = Debug|Any CPU
		{6658BB40-2C16-42DD-938F-B5F78E4C2850}.Debug|Any CPU.Build.0 = Debug|Any CPU
		{6658BB40-2C16-42DD-938F-B5F78E4C2850}.Release|Any CPU.ActiveCfg = Release|Any CPU
		{6658BB40-2C16-42DD-938F-B5F78E4C2850}.Release|Any CPU.Build.0 = Release|Any CPU
		{766135E4-91A3-4BFC-9B83-BE2373808911}.Debug|Any CPU.ActiveCfg = Debug|Any CPU
		{766135E4-91A3-4BFC-9B83-BE2373808911}.Debug|Any CPU.Build.0 = Debug|Any CPU
		{766135E4-91A3-4BFC-9B83-BE2373808911}.Release|Any CPU.ActiveCfg = Release|Any CPU
		{766135E4-91A3-4BFC-9B83-BE2373808911}.Release|Any CPU.Build.0 = Release|Any CPU
	EndGlobalSection
	GlobalSection(SolutionProperties) = preSolution
		HideSolutionNode = FALSE
	EndGlobalSection
	GlobalSection(ExtensibilityGlobals) = postSolution
		SolutionGuid = {D74F6670-4C45-4D72-BB05-6BF3BB52755B}
	EndGlobalSection
EndGlobal
